// !$*UTF8*$!
{
	archiveVersion = 1;
	classes = {
	};
	objectVersion = 50;
	objects = {

/* Begin PBXBuildFile section */
		5BCDC151D4C2AC1F5108A707 /* Pods_rechord.framework in Frameworks */ = {isa = PBXBuildFile; fileRef = 9CE8D0A4B85F8DA590AA6C80 /* Pods_rechord.framework */; };
		C20C6A42237DFFB7008D7E27 /* CQTBridge.mm in Sources */ = {isa = PBXBuildFile; fileRef = C20C6A41237DFFB7008D7E27 /* CQTBridge.mm */; };
		C20C6A44237E1A07008D7E27 /* KeyboardRangeNoteTap.swift in Sources */ = {isa = PBXBuildFile; fileRef = C20C6A43237E1A07008D7E27 /* KeyboardRangeNoteTap.swift */; };
		C210A7A3237A7B000097BE9F /* ChordAnalyzer.swift in Sources */ = {isa = PBXBuildFile; fileRef = C210A7A2237A7B000097BE9F /* ChordAnalyzer.swift */; };
		C261D095237C81E500123431 /* CQT.cpp in Sources */ = {isa = PBXBuildFile; fileRef = C261D094237C81E500123431 /* CQT.cpp */; };
		C261D097237C82C800123431 /* ConstantQTransformTap.swift in Sources */ = {isa = PBXBuildFile; fileRef = C261D096237C82C800123431 /* ConstantQTransformTap.swift */; };
		C27D61B323837C0300F027C5 /* AggregatingTap.swift in Sources */ = {isa = PBXBuildFile; fileRef = C27D61B223837C0300F027C5 /* AggregatingTap.swift */; };
		C27D61B52383893200F027C5 /* Silence.swift in Sources */ = {isa = PBXBuildFile; fileRef = C27D61B42383893200F027C5 /* Silence.swift */; };
		C27D61B723838A8E00F027C5 /* Noise.swift in Sources */ = {isa = PBXBuildFile; fileRef = C27D61B623838A8E00F027C5 /* Noise.swift */; };
		C2A9F990237A50FF00C0B7F6 /* AppDelegate.swift in Sources */ = {isa = PBXBuildFile; fileRef = C2A9F98F237A50FF00C0B7F6 /* AppDelegate.swift */; };
		C2A9F992237A50FF00C0B7F6 /* ViewController.swift in Sources */ = {isa = PBXBuildFile; fileRef = C2A9F991237A50FF00C0B7F6 /* ViewController.swift */; };
		C2A9F995237A50FF00C0B7F6 /* Main.storyboard in Resources */ = {isa = PBXBuildFile; fileRef = C2A9F993237A50FF00C0B7F6 /* Main.storyboard */; };
		C2A9F997237A510000C0B7F6 /* Assets.xcassets in Resources */ = {isa = PBXBuildFile; fileRef = C2A9F996237A510000C0B7F6 /* Assets.xcassets */; };
		C2A9F99A237A510000C0B7F6 /* LaunchScreen.storyboard in Resources */ = {isa = PBXBuildFile; fileRef = C2A9F998237A510000C0B7F6 /* LaunchScreen.storyboard */; };
		C2A9F9A5237A510000C0B7F6 /* rechordTests.swift in Sources */ = {isa = PBXBuildFile; fileRef = C2A9F9A4237A510000C0B7F6 /* rechordTests.swift */; };
		C2A9F9B0237A510000C0B7F6 /* rechordUITests.swift in Sources */ = {isa = PBXBuildFile; fileRef = C2A9F9AF237A510000C0B7F6 /* rechordUITests.swift */; };
		C2E3DFA223832FA700619F40 /* MajorChord.swift in Sources */ = {isa = PBXBuildFile; fileRef = C2E3DFA123832FA700619F40 /* MajorChord.swift */; };
		C2E3DFA42383335C00619F40 /* MinorChord.swift in Sources */ = {isa = PBXBuildFile; fileRef = C2E3DFA32383335C00619F40 /* MinorChord.swift */; };
		C2E3DFA9238334C500619F40 /* ChordGuesser.swift in Sources */ = {isa = PBXBuildFile; fileRef = C2E3DFA8238334C500619F40 /* ChordGuesser.swift */; };
		C2E3DFAB23833C6000619F40 /* Chord.swift in Sources */ = {isa = PBXBuildFile; fileRef = C2E3DFAA23833C6000619F40 /* Chord.swift */; };
/* End PBXBuildFile section */

/* Begin PBXContainerItemProxy section */
		C2A9F9A1237A510000C0B7F6 /* PBXContainerItemProxy */ = {
			isa = PBXContainerItemProxy;
			containerPortal = C2A9F984237A50FF00C0B7F6 /* Project object */;
			proxyType = 1;
			remoteGlobalIDString = C2A9F98B237A50FF00C0B7F6;
			remoteInfo = rechord;
		};
		C2A9F9AC237A510000C0B7F6 /* PBXContainerItemProxy */ = {
			isa = PBXContainerItemProxy;
			containerPortal = C2A9F984237A50FF00C0B7F6 /* Project object */;
			proxyType = 1;
			remoteGlobalIDString = C2A9F98B237A50FF00C0B7F6;
			remoteInfo = rechord;
		};
/* End PBXContainerItemProxy section */

/* Begin PBXCopyFilesBuildPhase section */
		C2A9F9C0237A532500C0B7F6 /* Embed Frameworks */ = {
			isa = PBXCopyFilesBuildPhase;
			buildActionMask = 2147483647;
			dstPath = "";
			dstSubfolderSpec = 10;
			files = (
			);
			name = "Embed Frameworks";
			runOnlyForDeploymentPostprocessing = 0;
		};
/* End PBXCopyFilesBuildPhase section */

/* Begin PBXFileReference section */
		16113EDDF519DAE5489C9DC3 /* Pods-rechord.release.xcconfig */ = {isa = PBXFileReference; includeInIndex = 1; lastKnownFileType = text.xcconfig; name = "Pods-rechord.release.xcconfig"; path = "Target Support Files/Pods-rechord/Pods-rechord.release.xcconfig"; sourceTree = "<group>"; };
		756BC223B7CF748D41A0BAF6 /* Pods-rechord.debug.xcconfig */ = {isa = PBXFileReference; includeInIndex = 1; lastKnownFileType = text.xcconfig; name = "Pods-rechord.debug.xcconfig"; path = "Target Support Files/Pods-rechord/Pods-rechord.debug.xcconfig"; sourceTree = "<group>"; };
		9CE8D0A4B85F8DA590AA6C80 /* Pods_rechord.framework */ = {isa = PBXFileReference; explicitFileType = wrapper.framework; includeInIndex = 0; path = Pods_rechord.framework; sourceTree = BUILT_PRODUCTS_DIR; };
		C20C6A41237DFFB7008D7E27 /* CQTBridge.mm */ = {isa = PBXFileReference; lastKnownFileType = sourcecode.cpp.objcpp; path = CQTBridge.mm; sourceTree = "<group>"; };
		C20C6A43237E1A07008D7E27 /* KeyboardRangeNoteTap.swift */ = {isa = PBXFileReference; lastKnownFileType = sourcecode.swift; path = KeyboardRangeNoteTap.swift; sourceTree = "<group>"; };
		C210A7A2237A7B000097BE9F /* ChordAnalyzer.swift */ = {isa = PBXFileReference; lastKnownFileType = sourcecode.swift; path = ChordAnalyzer.swift; sourceTree = "<group>"; };
		C261D092237C81E400123431 /* CQTBridge.h */ = {isa = PBXFileReference; lastKnownFileType = sourcecode.c.h; path = CQTBridge.h; sourceTree = "<group>"; };
		C261D093237C81E500123431 /* CQT.hpp */ = {isa = PBXFileReference; fileEncoding = 4; lastKnownFileType = sourcecode.cpp.h; path = CQT.hpp; sourceTree = "<group>"; };
		C261D094237C81E500123431 /* CQT.cpp */ = {isa = PBXFileReference; fileEncoding = 4; lastKnownFileType = sourcecode.cpp.cpp; path = CQT.cpp; sourceTree = "<group>"; };
		C261D096237C82C800123431 /* ConstantQTransformTap.swift */ = {isa = PBXFileReference; lastKnownFileType = sourcecode.swift; path = ConstantQTransformTap.swift; sourceTree = "<group>"; };
		C27D61B223837C0300F027C5 /* AggregatingTap.swift */ = {isa = PBXFileReference; lastKnownFileType = sourcecode.swift; path = AggregatingTap.swift; sourceTree = "<group>"; };
		C27D61B42383893200F027C5 /* Silence.swift */ = {isa = PBXFileReference; lastKnownFileType = sourcecode.swift; path = Silence.swift; sourceTree = "<group>"; };
		C27D61B623838A8E00F027C5 /* Noise.swift */ = {isa = PBXFileReference; lastKnownFileType = sourcecode.swift; path = Noise.swift; sourceTree = "<group>"; };
		C2A9F98C237A50FF00C0B7F6 /* rechord.app */ = {isa = PBXFileReference; explicitFileType = wrapper.application; includeInIndex = 0; path = rechord.app; sourceTree = BUILT_PRODUCTS_DIR; };
		C2A9F98F237A50FF00C0B7F6 /* AppDelegate.swift */ = {isa = PBXFileReference; lastKnownFileType = sourcecode.swift; path = AppDelegate.swift; sourceTree = "<group>"; };
		C2A9F991237A50FF00C0B7F6 /* ViewController.swift */ = {isa = PBXFileReference; lastKnownFileType = sourcecode.swift; path = ViewController.swift; sourceTree = "<group>"; };
		C2A9F994237A50FF00C0B7F6 /* Base */ = {isa = PBXFileReference; lastKnownFileType = file.storyboard; name = Base; path = Base.lproj/Main.storyboard; sourceTree = "<group>"; };
		C2A9F996237A510000C0B7F6 /* Assets.xcassets */ = {isa = PBXFileReference; lastKnownFileType = folder.assetcatalog; path = Assets.xcassets; sourceTree = "<group>"; };
		C2A9F999237A510000C0B7F6 /* Base */ = {isa = PBXFileReference; lastKnownFileType = file.storyboard; name = Base; path = Base.lproj/LaunchScreen.storyboard; sourceTree = "<group>"; };
		C2A9F99B237A510000C0B7F6 /* Info.plist */ = {isa = PBXFileReference; lastKnownFileType = text.plist.xml; path = Info.plist; sourceTree = "<group>"; };
		C2A9F9A0237A510000C0B7F6 /* rechordTests.xctest */ = {isa = PBXFileReference; explicitFileType = wrapper.cfbundle; includeInIndex = 0; path = rechordTests.xctest; sourceTree = BUILT_PRODUCTS_DIR; };
		C2A9F9A4237A510000C0B7F6 /* rechordTests.swift */ = {isa = PBXFileReference; lastKnownFileType = sourcecode.swift; path = rechordTests.swift; sourceTree = "<group>"; };
		C2A9F9A6237A510000C0B7F6 /* Info.plist */ = {isa = PBXFileReference; lastKnownFileType = text.plist.xml; path = Info.plist; sourceTree = "<group>"; };
		C2A9F9AB237A510000C0B7F6 /* rechordUITests.xctest */ = {isa = PBXFileReference; explicitFileType = wrapper.cfbundle; includeInIndex = 0; path = rechordUITests.xctest; sourceTree = BUILT_PRODUCTS_DIR; };
		C2A9F9AF237A510000C0B7F6 /* rechordUITests.swift */ = {isa = PBXFileReference; lastKnownFileType = sourcecode.swift; path = rechordUITests.swift; sourceTree = "<group>"; };
		C2A9F9B1237A510000C0B7F6 /* Info.plist */ = {isa = PBXFileReference; lastKnownFileType = text.plist.xml; path = Info.plist; sourceTree = "<group>"; };
		C2E3DFA123832FA700619F40 /* MajorChord.swift */ = {isa = PBXFileReference; lastKnownFileType = sourcecode.swift; path = MajorChord.swift; sourceTree = "<group>"; };
		C2E3DFA32383335C00619F40 /* MinorChord.swift */ = {isa = PBXFileReference; lastKnownFileType = sourcecode.swift; path = MinorChord.swift; sourceTree = "<group>"; };
		C2E3DFA8238334C500619F40 /* ChordGuesser.swift */ = {isa = PBXFileReference; lastKnownFileType = sourcecode.swift; path = ChordGuesser.swift; sourceTree = "<group>"; };
		C2E3DFAA23833C6000619F40 /* Chord.swift */ = {isa = PBXFileReference; lastKnownFileType = sourcecode.swift; path = Chord.swift; sourceTree = "<group>"; };
/* End PBXFileReference section */

/* Begin PBXFrameworksBuildPhase section */
		C2A9F989237A50FF00C0B7F6 /* Frameworks */ = {
			isa = PBXFrameworksBuildPhase;
			buildActionMask = 2147483647;
			files = (
				5BCDC151D4C2AC1F5108A707 /* Pods_rechord.framework in Frameworks */,
			);
			runOnlyForDeploymentPostprocessing = 0;
		};
		C2A9F99D237A510000C0B7F6 /* Frameworks */ = {
			isa = PBXFrameworksBuildPhase;
			buildActionMask = 2147483647;
			files = (
			);
			runOnlyForDeploymentPostprocessing = 0;
		};
		C2A9F9A8237A510000C0B7F6 /* Frameworks */ = {
			isa = PBXFrameworksBuildPhase;
			buildActionMask = 2147483647;
			files = (
			);
			runOnlyForDeploymentPostprocessing = 0;
		};
/* End PBXFrameworksBuildPhase section */

/* Begin PBXGroup section */
		759FF3F2DD06BA119F86489E /* Pods */ = {
			isa = PBXGroup;
			children = (
				756BC223B7CF748D41A0BAF6 /* Pods-rechord.debug.xcconfig */,
				16113EDDF519DAE5489C9DC3 /* Pods-rechord.release.xcconfig */,
			);
			path = Pods;
			sourceTree = "<group>";
		};
		C261D091237C819400123431 /* CQTKit */ = {
			isa = PBXGroup;
			children = (
				C261D093237C81E500123431 /* CQT.hpp */,
				C261D094237C81E500123431 /* CQT.cpp */,
				C261D092237C81E400123431 /* CQTBridge.h */,
				C20C6A41237DFFB7008D7E27 /* CQTBridge.mm */,
			);
			path = CQTKit;
			sourceTree = "<group>";
		};
		C2A9F983237A50FF00C0B7F6 = {
			isa = PBXGroup;
			children = (
				C2A9F98E237A50FF00C0B7F6 /* rechord */,
				C2A9F9A3237A510000C0B7F6 /* rechordTests */,
				C2A9F9AE237A510000C0B7F6 /* rechordUITests */,
				C2A9F98D237A50FF00C0B7F6 /* Products */,
				759FF3F2DD06BA119F86489E /* Pods */,
				CF4A954E83675EA290E42A03 /* Frameworks */,
			);
			sourceTree = "<group>";
		};
		C2A9F98D237A50FF00C0B7F6 /* Products */ = {
			isa = PBXGroup;
			children = (
				C2A9F98C237A50FF00C0B7F6 /* rechord.app */,
				C2A9F9A0237A510000C0B7F6 /* rechordTests.xctest */,
				C2A9F9AB237A510000C0B7F6 /* rechordUITests.xctest */,
			);
			name = Products;
			sourceTree = "<group>";
		};
		C2A9F98E237A50FF00C0B7F6 /* rechord */ = {
			isa = PBXGroup;
			children = (
				C2A9F98F237A50FF00C0B7F6 /* AppDelegate.swift */,
				C2A9F991237A50FF00C0B7F6 /* ViewController.swift */,
				C2E3DF9C23832BA300619F40 /* model */,
				C2A9F993237A50FF00C0B7F6 /* Main.storyboard */,
				C2A9F996237A510000C0B7F6 /* Assets.xcassets */,
				C2A9F998237A510000C0B7F6 /* LaunchScreen.storyboard */,
				C2A9F99B237A510000C0B7F6 /* Info.plist */,
			);
			path = rechord;
			sourceTree = "<group>";
		};
		C2A9F9A3237A510000C0B7F6 /* rechordTests */ = {
			isa = PBXGroup;
			children = (
				C2A9F9A4237A510000C0B7F6 /* rechordTests.swift */,
				C2A9F9A6237A510000C0B7F6 /* Info.plist */,
			);
			path = rechordTests;
			sourceTree = "<group>";
		};
		C2A9F9AE237A510000C0B7F6 /* rechordUITests */ = {
			isa = PBXGroup;
			children = (
				C2A9F9AF237A510000C0B7F6 /* rechordUITests.swift */,
				C2A9F9B1237A510000C0B7F6 /* Info.plist */,
			);
			path = rechordUITests;
			sourceTree = "<group>";
		};
		C2E3DF9C23832BA300619F40 /* model */ = {
			isa = PBXGroup;
			children = (
				C210A7A2237A7B000097BE9F /* ChordAnalyzer.swift */,
				C2E3DF9E23832C3A00619F40 /* chord-guessing */,
				C2E3DF9D23832C0800619F40 /* note-detection */,
			);
			path = model;
			sourceTree = "<group>";
		};
		C2E3DF9D23832C0800619F40 /* note-detection */ = {
			isa = PBXGroup;
			children = (
				C20C6A43237E1A07008D7E27 /* KeyboardRangeNoteTap.swift */,
				C261D096237C82C800123431 /* ConstantQTransformTap.swift */,
				C27D61B223837C0300F027C5 /* AggregatingTap.swift */,
				C261D091237C819400123431 /* CQTKit */,
			);
			path = "note-detection";
			sourceTree = "<group>";
		};
		C2E3DF9E23832C3A00619F40 /* chord-guessing */ = {
			isa = PBXGroup;
			children = (
				C2E3DFA8238334C500619F40 /* ChordGuesser.swift */,
				C2E3DFA72383348100619F40 /* chords */,
			);
			path = "chord-guessing";
			sourceTree = "<group>";
		};
		C2E3DFA72383348100619F40 /* chords */ = {
			isa = PBXGroup;
			children = (
				C2E3DFAA23833C6000619F40 /* Chord.swift */,
				C27D61B42383893200F027C5 /* Silence.swift */,
				C27D61B623838A8E00F027C5 /* Noise.swift */,
				C2E3DFA123832FA700619F40 /* MajorChord.swift */,
				C2E3DFA32383335C00619F40 /* MinorChord.swift */,
			);
			path = chords;
			sourceTree = "<group>";
		};
		CF4A954E83675EA290E42A03 /* Frameworks */ = {
			isa = PBXGroup;
			children = (
				9CE8D0A4B85F8DA590AA6C80 /* Pods_rechord.framework */,
			);
			name = Frameworks;
			sourceTree = "<group>";
		};
/* End PBXGroup section */

/* Begin PBXNativeTarget section */
		C2A9F98B237A50FF00C0B7F6 /* rechord */ = {
			isa = PBXNativeTarget;
			buildConfigurationList = C2A9F9B4237A510000C0B7F6 /* Build configuration list for PBXNativeTarget "rechord" */;
			buildPhases = (
				0C5B9130EEDA29ABC162049A /* [CP] Check Pods Manifest.lock */,
				C2A9F988237A50FF00C0B7F6 /* Sources */,
				C2A9F989237A50FF00C0B7F6 /* Frameworks */,
				C2A9F98A237A50FF00C0B7F6 /* Resources */,
				C2A9F9C0237A532500C0B7F6 /* Embed Frameworks */,
			);
			buildRules = (
			);
			dependencies = (
			);
			name = rechord;
			productName = rechord;
			productReference = C2A9F98C237A50FF00C0B7F6 /* rechord.app */;
			productType = "com.apple.product-type.application";
		};
		C2A9F99F237A510000C0B7F6 /* rechordTests */ = {
			isa = PBXNativeTarget;
			buildConfigurationList = C2A9F9B7237A510000C0B7F6 /* Build configuration list for PBXNativeTarget "rechordTests" */;
			buildPhases = (
				C2A9F99C237A510000C0B7F6 /* Sources */,
				C2A9F99D237A510000C0B7F6 /* Frameworks */,
				C2A9F99E237A510000C0B7F6 /* Resources */,
			);
			buildRules = (
			);
			dependencies = (
				C2A9F9A2237A510000C0B7F6 /* PBXTargetDependency */,
			);
			name = rechordTests;
			productName = rechordTests;
			productReference = C2A9F9A0237A510000C0B7F6 /* rechordTests.xctest */;
			productType = "com.apple.product-type.bundle.unit-test";
		};
		C2A9F9AA237A510000C0B7F6 /* rechordUITests */ = {
			isa = PBXNativeTarget;
			buildConfigurationList = C2A9F9BA237A510000C0B7F6 /* Build configuration list for PBXNativeTarget "rechordUITests" */;
			buildPhases = (
				C2A9F9A7237A510000C0B7F6 /* Sources */,
				C2A9F9A8237A510000C0B7F6 /* Frameworks */,
				C2A9F9A9237A510000C0B7F6 /* Resources */,
			);
			buildRules = (
			);
			dependencies = (
				C2A9F9AD237A510000C0B7F6 /* PBXTargetDependency */,
			);
			name = rechordUITests;
			productName = rechordUITests;
			productReference = C2A9F9AB237A510000C0B7F6 /* rechordUITests.xctest */;
			productType = "com.apple.product-type.bundle.ui-testing";
		};
/* End PBXNativeTarget section */

/* Begin PBXProject section */
		C2A9F984237A50FF00C0B7F6 /* Project object */ = {
			isa = PBXProject;
			attributes = {
				LastSwiftUpdateCheck = 1020;
				LastUpgradeCheck = 1020;
				ORGANIZATIONNAME = "High5! Apps";
				TargetAttributes = {
					C2A9F98B237A50FF00C0B7F6 = {
						CreatedOnToolsVersion = 10.2.1;
						LastSwiftMigration = 1120;
					};
					C2A9F99F237A510000C0B7F6 = {
						CreatedOnToolsVersion = 10.2.1;
						TestTargetID = C2A9F98B237A50FF00C0B7F6;
					};
					C2A9F9AA237A510000C0B7F6 = {
						CreatedOnToolsVersion = 10.2.1;
						TestTargetID = C2A9F98B237A50FF00C0B7F6;
					};
				};
			};
			buildConfigurationList = C2A9F987237A50FF00C0B7F6 /* Build configuration list for PBXProject "rechord" */;
			compatibilityVersion = "Xcode 9.3";
			developmentRegion = en;
			hasScannedForEncodings = 0;
			knownRegions = (
				en,
				Base,
			);
			mainGroup = C2A9F983237A50FF00C0B7F6;
			productRefGroup = C2A9F98D237A50FF00C0B7F6 /* Products */;
			projectDirPath = "";
			projectRoot = "";
			targets = (
				C2A9F98B237A50FF00C0B7F6 /* rechord */,
				C2A9F99F237A510000C0B7F6 /* rechordTests */,
				C2A9F9AA237A510000C0B7F6 /* rechordUITests */,
			);
		};
/* End PBXProject section */

/* Begin PBXResourcesBuildPhase section */
		C2A9F98A237A50FF00C0B7F6 /* Resources */ = {
			isa = PBXResourcesBuildPhase;
			buildActionMask = 2147483647;
			files = (
				C2A9F99A237A510000C0B7F6 /* LaunchScreen.storyboard in Resources */,
				C2A9F997237A510000C0B7F6 /* Assets.xcassets in Resources */,
				C2A9F995237A50FF00C0B7F6 /* Main.storyboard in Resources */,
			);
			runOnlyForDeploymentPostprocessing = 0;
		};
		C2A9F99E237A510000C0B7F6 /* Resources */ = {
			isa = PBXResourcesBuildPhase;
			buildActionMask = 2147483647;
			files = (
			);
			runOnlyForDeploymentPostprocessing = 0;
		};
		C2A9F9A9237A510000C0B7F6 /* Resources */ = {
			isa = PBXResourcesBuildPhase;
			buildActionMask = 2147483647;
			files = (
			);
			runOnlyForDeploymentPostprocessing = 0;
		};
/* End PBXResourcesBuildPhase section */

/* Begin PBXShellScriptBuildPhase section */
		0C5B9130EEDA29ABC162049A /* [CP] Check Pods Manifest.lock */ = {
			isa = PBXShellScriptBuildPhase;
			buildActionMask = 2147483647;
			files = (
			);
			inputFileListPaths = (
			);
			inputPaths = (
				"${PODS_PODFILE_DIR_PATH}/Podfile.lock",
				"${PODS_ROOT}/Manifest.lock",
			);
			name = "[CP] Check Pods Manifest.lock";
			outputFileListPaths = (
			);
			outputPaths = (
				"$(DERIVED_FILE_DIR)/Pods-rechord-checkManifestLockResult.txt",
			);
			runOnlyForDeploymentPostprocessing = 0;
			shellPath = /bin/sh;
			shellScript = "diff \"${PODS_PODFILE_DIR_PATH}/Podfile.lock\" \"${PODS_ROOT}/Manifest.lock\" > /dev/null\nif [ $? != 0 ] ; then\n    # print error to STDERR\n    echo \"error: The sandbox is not in sync with the Podfile.lock. Run 'pod install' or update your CocoaPods installation.\" >&2\n    exit 1\nfi\n# This output is used by Xcode 'outputs' to avoid re-running this script phase.\necho \"SUCCESS\" > \"${SCRIPT_OUTPUT_FILE_0}\"\n";
			showEnvVarsInLog = 0;
		};
/* End PBXShellScriptBuildPhase section */

/* Begin PBXSourcesBuildPhase section */
		C2A9F988237A50FF00C0B7F6 /* Sources */ = {
			isa = PBXSourcesBuildPhase;
			buildActionMask = 2147483647;
			files = (
				C2A9F992237A50FF00C0B7F6 /* ViewController.swift in Sources */,
				C27D61B723838A8E00F027C5 /* Noise.swift in Sources */,
				C20C6A44237E1A07008D7E27 /* KeyboardRangeNoteTap.swift in Sources */,
				C2E3DFA9238334C500619F40 /* ChordGuesser.swift in Sources */,
				C261D095237C81E500123431 /* CQT.cpp in Sources */,
				C2E3DFA223832FA700619F40 /* MajorChord.swift in Sources */,
				C20C6A42237DFFB7008D7E27 /* CQTBridge.mm in Sources */,
				C27D61B323837C0300F027C5 /* AggregatingTap.swift in Sources */,
				C27D61B52383893200F027C5 /* Silence.swift in Sources */,
				C2E3DFA42383335C00619F40 /* MinorChord.swift in Sources */,
				C261D097237C82C800123431 /* ConstantQTransformTap.swift in Sources */,
				C2A9F990237A50FF00C0B7F6 /* AppDelegate.swift in Sources */,
				C210A7A3237A7B000097BE9F /* ChordAnalyzer.swift in Sources */,
				C2E3DFAB23833C6000619F40 /* Chord.swift in Sources */,
			);
			runOnlyForDeploymentPostprocessing = 0;
		};
		C2A9F99C237A510000C0B7F6 /* Sources */ = {
			isa = PBXSourcesBuildPhase;
			buildActionMask = 2147483647;
			files = (
				C2A9F9A5237A510000C0B7F6 /* rechordTests.swift in Sources */,
			);
			runOnlyForDeploymentPostprocessing = 0;
		};
		C2A9F9A7237A510000C0B7F6 /* Sources */ = {
			isa = PBXSourcesBuildPhase;
			buildActionMask = 2147483647;
			files = (
				C2A9F9B0237A510000C0B7F6 /* rechordUITests.swift in Sources */,
			);
			runOnlyForDeploymentPostprocessing = 0;
		};
/* End PBXSourcesBuildPhase section */

/* Begin PBXTargetDependency section */
		C2A9F9A2237A510000C0B7F6 /* PBXTargetDependency */ = {
			isa = PBXTargetDependency;
			target = C2A9F98B237A50FF00C0B7F6 /* rechord */;
			targetProxy = C2A9F9A1237A510000C0B7F6 /* PBXContainerItemProxy */;
		};
		C2A9F9AD237A510000C0B7F6 /* PBXTargetDependency */ = {
			isa = PBXTargetDependency;
			target = C2A9F98B237A50FF00C0B7F6 /* rechord */;
			targetProxy = C2A9F9AC237A510000C0B7F6 /* PBXContainerItemProxy */;
		};
/* End PBXTargetDependency section */

/* Begin PBXVariantGroup section */
		C2A9F993237A50FF00C0B7F6 /* Main.storyboard */ = {
			isa = PBXVariantGroup;
			children = (
				C2A9F994237A50FF00C0B7F6 /* Base */,
			);
			name = Main.storyboard;
			sourceTree = "<group>";
		};
		C2A9F998237A510000C0B7F6 /* LaunchScreen.storyboard */ = {
			isa = PBXVariantGroup;
			children = (
				C2A9F999237A510000C0B7F6 /* Base */,
			);
			name = LaunchScreen.storyboard;
			sourceTree = "<group>";
		};
/* End PBXVariantGroup section */

/* Begin XCBuildConfiguration section */
		C2A9F9B2237A510000C0B7F6 /* Debug */ = {
			isa = XCBuildConfiguration;
			buildSettings = {
				ALWAYS_SEARCH_USER_PATHS = NO;
				CLANG_ANALYZER_NONNULL = YES;
				CLANG_ANALYZER_NUMBER_OBJECT_CONVERSION = YES_AGGRESSIVE;
				CLANG_CXX_LANGUAGE_STANDARD = "gnu++14";
				CLANG_CXX_LIBRARY = "libc++";
				CLANG_ENABLE_MODULES = YES;
				CLANG_ENABLE_OBJC_ARC = YES;
				CLANG_ENABLE_OBJC_WEAK = YES;
				CLANG_WARN_BLOCK_CAPTURE_AUTORELEASING = YES;
				CLANG_WARN_BOOL_CONVERSION = YES;
				CLANG_WARN_COMMA = YES;
				CLANG_WARN_CONSTANT_CONVERSION = YES;
				CLANG_WARN_DEPRECATED_OBJC_IMPLEMENTATIONS = YES;
				CLANG_WARN_DIRECT_OBJC_ISA_USAGE = YES_ERROR;
				CLANG_WARN_DOCUMENTATION_COMMENTS = YES;
				CLANG_WARN_EMPTY_BODY = YES;
				CLANG_WARN_ENUM_CONVERSION = YES;
				CLANG_WARN_INFINITE_RECURSION = YES;
				CLANG_WARN_INT_CONVERSION = YES;
				CLANG_WARN_NON_LITERAL_NULL_CONVERSION = YES;
				CLANG_WARN_OBJC_IMPLICIT_RETAIN_SELF = YES;
				CLANG_WARN_OBJC_LITERAL_CONVERSION = YES;
				CLANG_WARN_OBJC_ROOT_CLASS = YES_ERROR;
				CLANG_WARN_RANGE_LOOP_ANALYSIS = YES;
				CLANG_WARN_STRICT_PROTOTYPES = YES;
				CLANG_WARN_SUSPICIOUS_MOVE = YES;
				CLANG_WARN_UNGUARDED_AVAILABILITY = YES_AGGRESSIVE;
				CLANG_WARN_UNREACHABLE_CODE = YES;
				CLANG_WARN__DUPLICATE_METHOD_MATCH = YES;
				CODE_SIGN_IDENTITY = "iPhone Developer";
				COPY_PHASE_STRIP = NO;
				DEBUG_INFORMATION_FORMAT = dwarf;
				ENABLE_STRICT_OBJC_MSGSEND = YES;
				ENABLE_TESTABILITY = YES;
				GCC_C_LANGUAGE_STANDARD = gnu11;
				GCC_DYNAMIC_NO_PIC = NO;
				GCC_NO_COMMON_BLOCKS = YES;
				GCC_OPTIMIZATION_LEVEL = 0;
				GCC_PREPROCESSOR_DEFINITIONS = (
					"DEBUG=1",
					"$(inherited)",
				);
				GCC_WARN_64_TO_32_BIT_CONVERSION = YES;
				GCC_WARN_ABOUT_RETURN_TYPE = YES_ERROR;
				GCC_WARN_UNDECLARED_SELECTOR = YES;
				GCC_WARN_UNINITIALIZED_AUTOS = YES_AGGRESSIVE;
				GCC_WARN_UNUSED_FUNCTION = YES;
				GCC_WARN_UNUSED_VARIABLE = YES;
				IPHONEOS_DEPLOYMENT_TARGET = 12.2;
				MTL_ENABLE_DEBUG_INFO = INCLUDE_SOURCE;
				MTL_FAST_MATH = YES;
				ONLY_ACTIVE_ARCH = YES;
				SDKROOT = iphoneos;
				SWIFT_ACTIVE_COMPILATION_CONDITIONS = DEBUG;
				SWIFT_OPTIMIZATION_LEVEL = "-Onone";
			};
			name = Debug;
		};
		C2A9F9B3237A510000C0B7F6 /* Release */ = {
			isa = XCBuildConfiguration;
			buildSettings = {
				ALWAYS_SEARCH_USER_PATHS = NO;
				CLANG_ANALYZER_NONNULL = YES;
				CLANG_ANALYZER_NUMBER_OBJECT_CONVERSION = YES_AGGRESSIVE;
				CLANG_CXX_LANGUAGE_STANDARD = "gnu++14";
				CLANG_CXX_LIBRARY = "libc++";
				CLANG_ENABLE_MODULES = YES;
				CLANG_ENABLE_OBJC_ARC = YES;
				CLANG_ENABLE_OBJC_WEAK = YES;
				CLANG_WARN_BLOCK_CAPTURE_AUTORELEASING = YES;
				CLANG_WARN_BOOL_CONVERSION = YES;
				CLANG_WARN_COMMA = YES;
				CLANG_WARN_CONSTANT_CONVERSION = YES;
				CLANG_WARN_DEPRECATED_OBJC_IMPLEMENTATIONS = YES;
				CLANG_WARN_DIRECT_OBJC_ISA_USAGE = YES_ERROR;
				CLANG_WARN_DOCUMENTATION_COMMENTS = YES;
				CLANG_WARN_EMPTY_BODY = YES;
				CLANG_WARN_ENUM_CONVERSION = YES;
				CLANG_WARN_INFINITE_RECURSION = YES;
				CLANG_WARN_INT_CONVERSION = YES;
				CLANG_WARN_NON_LITERAL_NULL_CONVERSION = YES;
				CLANG_WARN_OBJC_IMPLICIT_RETAIN_SELF = YES;
				CLANG_WARN_OBJC_LITERAL_CONVERSION = YES;
				CLANG_WARN_OBJC_ROOT_CLASS = YES_ERROR;
				CLANG_WARN_RANGE_LOOP_ANALYSIS = YES;
				CLANG_WARN_STRICT_PROTOTYPES = YES;
				CLANG_WARN_SUSPICIOUS_MOVE = YES;
				CLANG_WARN_UNGUARDED_AVAILABILITY = YES_AGGRESSIVE;
				CLANG_WARN_UNREACHABLE_CODE = YES;
				CLANG_WARN__DUPLICATE_METHOD_MATCH = YES;
				CODE_SIGN_IDENTITY = "iPhone Developer";
				COPY_PHASE_STRIP = NO;
				DEBUG_INFORMATION_FORMAT = "dwarf-with-dsym";
				ENABLE_NS_ASSERTIONS = NO;
				ENABLE_STRICT_OBJC_MSGSEND = YES;
				GCC_C_LANGUAGE_STANDARD = gnu11;
				GCC_NO_COMMON_BLOCKS = YES;
				GCC_WARN_64_TO_32_BIT_CONVERSION = YES;
				GCC_WARN_ABOUT_RETURN_TYPE = YES_ERROR;
				GCC_WARN_UNDECLARED_SELECTOR = YES;
				GCC_WARN_UNINITIALIZED_AUTOS = YES_AGGRESSIVE;
				GCC_WARN_UNUSED_FUNCTION = YES;
				GCC_WARN_UNUSED_VARIABLE = YES;
				IPHONEOS_DEPLOYMENT_TARGET = 12.2;
				MTL_ENABLE_DEBUG_INFO = NO;
				MTL_FAST_MATH = YES;
				SDKROOT = iphoneos;
				SWIFT_COMPILATION_MODE = wholemodule;
				SWIFT_OPTIMIZATION_LEVEL = "-O";
				VALIDATE_PRODUCT = YES;
			};
			name = Release;
		};
		C2A9F9B5237A510000C0B7F6 /* Debug */ = {
			isa = XCBuildConfiguration;
			baseConfigurationReference = 756BC223B7CF748D41A0BAF6 /* Pods-rechord.debug.xcconfig */;
			buildSettings = {
				ASSETCATALOG_COMPILER_APPICON_NAME = AppIcon;
				CLANG_ENABLE_MODULES = YES;
				CODE_SIGN_STYLE = Automatic;
				DEVELOPMENT_TEAM = 6D9WEB32TK;
				FRAMEWORK_SEARCH_PATHS = (
					"$(inherited)",
					"$(PROJECT_DIR)",
				);
				INFOPLIST_FILE = rechord/Info.plist;
				LD_RUNPATH_SEARCH_PATHS = (
					"$(inherited)",
					"@executable_path/Frameworks",
				);
				PRODUCT_BUNDLE_IDENTIFIER = com.high5.rechord;
				PRODUCT_NAME = "$(TARGET_NAME)";
				SWIFT_OBJC_BRIDGING_HEADER = "rechord/model/note-detection/CQTKit/CQTBridge.h";
				SWIFT_OPTIMIZATION_LEVEL = "-Onone";
				SWIFT_VERSION = 5.0;
				TARGETED_DEVICE_FAMILY = "1,2";
			};
			name = Debug;
		};
		C2A9F9B6237A510000C0B7F6 /* Release */ = {
			isa = XCBuildConfiguration;
			baseConfigurationReference = 16113EDDF519DAE5489C9DC3 /* Pods-rechord.release.xcconfig */;
			buildSettings = {
				ASSETCATALOG_COMPILER_APPICON_NAME = AppIcon;
				CLANG_ENABLE_MODULES = YES;
				CODE_SIGN_STYLE = Automatic;
				DEVELOPMENT_TEAM = 6D9WEB32TK;
				FRAMEWORK_SEARCH_PATHS = (
					"$(inherited)",
					"$(PROJECT_DIR)",
				);
				INFOPLIST_FILE = rechord/Info.plist;
				LD_RUNPATH_SEARCH_PATHS = (
					"$(inherited)",
					"@executable_path/Frameworks",
				);
				PRODUCT_BUNDLE_IDENTIFIER = com.high5.rechord;
				PRODUCT_NAME = "$(TARGET_NAME)";
				SWIFT_OBJC_BRIDGING_HEADER = "rechord/model/note-detection/CQTKit/CQTBridge.h";
				SWIFT_VERSION = 5.0;
				TARGETED_DEVICE_FAMILY = "1,2";
			};
			name = Release;
		};
		C2A9F9B8237A510000C0B7F6 /* Debug */ = {
			isa = XCBuildConfiguration;
			buildSettings = {
				ALWAYS_EMBED_SWIFT_STANDARD_LIBRARIES = YES;
				BUNDLE_LOADER = "$(TEST_HOST)";
				CODE_SIGN_STYLE = Automatic;
				DEVELOPMENT_TEAM = 6D9WEB32TK;
				INFOPLIST_FILE = rechordTests/Info.plist;
				LD_RUNPATH_SEARCH_PATHS = (
					"$(inherited)",
					"@executable_path/Frameworks",
					"@loader_path/Frameworks",
				);
				PRODUCT_BUNDLE_IDENTIFIER = com.high5.rechordTests;
				PRODUCT_NAME = "$(TARGET_NAME)";
				SWIFT_VERSION = 5.0;
				TARGETED_DEVICE_FAMILY = "1,2";
				TEST_HOST = "$(BUILT_PRODUCTS_DIR)/rechord.app/rechord";
			};
			name = Debug;
		};
		C2A9F9B9237A510000C0B7F6 /* Release */ = {
			isa = XCBuildConfiguration;
			buildSettings = {
				ALWAYS_EMBED_SWIFT_STANDARD_LIBRARIES = YES;
				BUNDLE_LOADER = "$(TEST_HOST)";
				CODE_SIGN_STYLE = Automatic;
				DEVELOPMENT_TEAM = 6D9WEB32TK;
				INFOPLIST_FILE = rechordTests/Info.plist;
				LD_RUNPATH_SEARCH_PATHS = (
					"$(inherited)",
					"@executable_path/Frameworks",
					"@loader_path/Frameworks",
				);
				PRODUCT_BUNDLE_IDENTIFIER = com.high5.rechordTests;
				PRODUCT_NAME = "$(TARGET_NAME)";
				SWIFT_VERSION = 5.0;
				TARGETED_DEVICE_FAMILY = "1,2";
				TEST_HOST = "$(BUILT_PRODUCTS_DIR)/rechord.app/rechord";
			};
			name = Release;
		};
		C2A9F9BB237A510000C0B7F6 /* Debug */ = {
			isa = XCBuildConfiguration;
			buildSettings = {
				ALWAYS_EMBED_SWIFT_STANDARD_LIBRARIES = YES;
				CODE_SIGN_STYLE = Automatic;
				DEVELOPMENT_TEAM = 6D9WEB32TK;
				INFOPLIST_FILE = rechordUITests/Info.plist;
				LD_RUNPATH_SEARCH_PATHS = (
					"$(inherited)",
					"@executable_path/Frameworks",
					"@loader_path/Frameworks",
				);
				PRODUCT_BUNDLE_IDENTIFIER = com.high5.rechordUITests;
				PRODUCT_NAME = "$(TARGET_NAME)";
				SWIFT_VERSION = 5.0;
				TARGETED_DEVICE_FAMILY = "1,2";
				TEST_TARGET_NAME = rechord;
			};
			name = Debug;
		};
		C2A9F9BC237A510000C0B7F6 /* Release */ = {
			isa = XCBuildConfiguration;
			buildSettings = {
				ALWAYS_EMBED_SWIFT_STANDARD_LIBRARIES = YES;
				CODE_SIGN_STYLE = Automatic;
				DEVELOPMENT_TEAM = 6D9WEB32TK;
				INFOPLIST_FILE = rechordUITests/Info.plist;
				LD_RUNPATH_SEARCH_PATHS = (
					"$(inherited)",
					"@executable_path/Frameworks",
					"@loader_path/Frameworks",
				);
				PRODUCT_BUNDLE_IDENTIFIER = com.high5.rechordUITests;
				PRODUCT_NAME = "$(TARGET_NAME)";
				SWIFT_VERSION = 5.0;
				TARGETED_DEVICE_FAMILY = "1,2";
				TEST_TARGET_NAME = rechord;
			};
			name = Release;
		};
/* End XCBuildConfiguration section */

/* Begin XCConfigurationList section */
		C2A9F987237A50FF00C0B7F6 /* Build configuration list for PBXProject "rechord" */ = {
			isa = XCConfigurationList;
			buildConfigurations = (
				C2A9F9B2237A510000C0B7F6 /* Debug */,
				C2A9F9B3237A510000C0B7F6 /* Release */,
			);
			defaultConfigurationIsVisible = 0;
			defaultConfigurationName = Release;
		};
		C2A9F9B4237A510000C0B7F6 /* Build configuration list for PBXNativeTarget "rechord" */ = {
			isa = XCConfigurationList;
			buildConfigurations = (
				C2A9F9B5237A510000C0B7F6 /* Debug */,
				C2A9F9B6237A510000C0B7F6 /* Release */,
			);
			defaultConfigurationIsVisible = 0;
			defaultConfigurationName = Release;
		};
		C2A9F9B7237A510000C0B7F6 /* Build configuration list for PBXNativeTarget "rechordTests" */ = {
			isa = XCConfigurationList;
			buildConfigurations = (
				C2A9F9B8237A510000C0B7F6 /* Debug */,
				C2A9F9B9237A510000C0B7F6 /* Release */,
			);
			defaultConfigurationIsVisible = 0;
			defaultConfigurationName = Release;
		};
		C2A9F9BA237A510000C0B7F6 /* Build configuration list for PBXNativeTarget "rechordUITests" */ = {
			isa = XCConfigurationList;
			buildConfigurations = (
				C2A9F9BB237A510000C0B7F6 /* Debug */,
				C2A9F9BC237A510000C0B7F6 /* Release */,
			);
			defaultConfigurationIsVisible = 0;
			defaultConfigurationName = Release;
		};
/* End XCConfigurationList section */
	};
	rootObject = C2A9F984237A50FF00C0B7F6 /* Project object */;
}
